github.com/datasance/iofog-go-sdk/v3 v3.4.16 h1:tLbOzUwjxEepqDrTvlHfGNL2fXuERrzTVRZlKIxWqw8=
github.com/datasance/iofog-go-sdk/v3 v3.4.16/go.mod h1:Gx/T77nGu3QvC93c96IDMEHJ2cdqZA84icl7R87ds84=
github.com/eapache/channels v1.1.0 h1:F1taHcn7/F0i8DYqKXJnyhJcVpp2kgFcNePxXtnyu4k=
github.com/eapache/channels v1.1.0/go.mod h1:jMm2qB5Ubtg9zLd+inMZd2/NUvXgzmWXsDaLyQIGfH0=
github.com/eapache/queue v1.1.0 h1:YOEu7KNc61ntiQlcEeUIoDTJ2o8mQznoNvUhiigpIqc=
github.com/eapache/queue v1.1.0/go.mod h1:6eCeP0CKFpHLu8blIFXhExK/dRa7WDZfr6jVFPTqq+I=
github.com/eclipse/paho.mqtt.golang v1.5.0 h1:EH+bUVJNgttidWFkLLVKaQPGmkTUfQQqjOsyvMGvD6o=
github.com/eclipse/paho.mqtt.golang v1.5.0/go.mod h1:du/2qNQVqJf/Sqs4MEL77kR8QTqANF7XU7Fk0aOTAgk=
github.com/gorilla/websocket v1.5.3 h1:saDtZ6Pbx/0u+bgYQ3q96pZgCzfhKXGPqt7kZ72aNNg=
github.com/gorilla/websocket v1.5.3/go.mod h1:YR8l580nyteQvAITg2hZ9XVh4b55+EU/adAjf1fMHhE=
golang.org/x/net v0.30.0 h1:AcW1SDZMkb8IpzCdQUaIq2sP4sZ4zw+55h6ynffypl4=
golang.org/x/net v0.30.0/go.mod h1:2wGyMJ5iFasEhkwi13ChkO/t1ECNC4X4eBKkVFyYFlU=
golang.org/x/sync v0.7.0 h1:YsImfSBoP9QPYL0xyKJPq0gcaJdG3rInoqxTWbfQu9M=
golang.org/x/sync v0.7.0/go.mod h1:Czt+wKu1gCyEFDUtn0jG5QVvpJ6rzVqr5aXyt9drQfk=
